// !$*UTF8*$!
{
	archiveVersion = 1;
	classes = {
	};
	objectVersion = 55;
	objects = {

/* Begin PBXBuildFile section */
		047AAA79297EDBAF00023C17 /* AppDelegate.swift in Sources */ = {isa = PBXBuildFile; fileRef = 047AAA78297EDBAF00023C17 /* AppDelegate.swift */; };
		047AAA7B297EDBAF00023C17 /* SceneDelegate.swift in Sources */ = {isa = PBXBuildFile; fileRef = 047AAA7A297EDBAF00023C17 /* SceneDelegate.swift */; };
		047AAA7D297EDBAF00023C17 /* ViewController.swift in Sources */ = {isa = PBXBuildFile; fileRef = 047AAA7C297EDBAF00023C17 /* ViewController.swift */; };
		047AAA80297EDBAF00023C17 /* Main.storyboard in Resources */ = {isa = PBXBuildFile; fileRef = 047AAA7E297EDBAF00023C17 /* Main.storyboard */; };
		047AAA83297EDBAF00023C17 /* MQTTClientTest.xcdatamodeld in Sources */ = {isa = PBXBuildFile; fileRef = 047AAA81297EDBAF00023C17 /* MQTTClientTest.xcdatamodeld */; };
		047AAA85297EDBB300023C17 /* Assets.xcassets in Resources */ = {isa = PBXBuildFile; fileRef = 047AAA84297EDBB300023C17 /* Assets.xcassets */; };
		047AAA88297EDBB300023C17 /* LaunchScreen.storyboard in Resources */ = {isa = PBXBuildFile; fileRef = 047AAA86297EDBB300023C17 /* LaunchScreen.storyboard */; };
		7D74E7213C1692009DEB6AE3 /* Pods_MQTTClientTest.framework in Frameworks */ = {isa = PBXBuildFile; fileRef = D5E1C977D6AF4F5E66C8BF80 /* Pods_MQTTClientTest.framework */; };
/* End PBXBuildFile section */

/* Begin PBXFileReference section */
		047AAA75297EDBAF00023C17 /* MQTTClientTest.app */ = {isa = PBXFileReference; explicitFileType = wrapper.application; includeInIndex = 0; path = MQTTClientTest.app; sourceTree = BUILT_PRODUCTS_DIR; };
		047AAA78297EDBAF00023C17 /* AppDelegate.swift */ = {isa = PBXFileReference; lastKnownFileType = sourcecode.swift; path = AppDelegate.swift; sourceTree = "<group>"; };
		047AAA7A297EDBAF00023C17 /* SceneDelegate.swift */ = {isa = PBXFileReference; lastKnownFileType = sourcecode.swift; path = SceneDelegate.swift; sourceTree = "<group>"; };
		047AAA7C297EDBAF00023C17 /* ViewController.swift */ = {isa = PBXFileReference; lastKnownFileType = sourcecode.swift; path = ViewController.swift; sourceTree = "<group>"; };
		047AAA7F297EDBAF00023C17 /* Base */ = {isa = PBXFileReference; lastKnownFileType = file.storyboard; name = Base; path = Base.lproj/Main.storyboard; sourceTree = "<group>"; };
		047AAA82297EDBAF00023C17 /* MQTTClientTest.xcdatamodel */ = {isa = PBXFileReference; lastKnownFileType = wrapper.xcdatamodel; path = MQTTClientTest.xcdatamodel; sourceTree = "<group>"; };
		047AAA84297EDBB300023C17 /* Assets.xcassets */ = {isa = PBXFileReference; lastKnownFileType = folder.assetcatalog; path = Assets.xcassets; sourceTree = "<group>"; };
		047AAA87297EDBB300023C17 /* Base */ = {isa = PBXFileReference; lastKnownFileType = file.storyboard; name = Base; path = Base.lproj/LaunchScreen.storyboard; sourceTree = "<group>"; };
		047AAA89297EDBB300023C17 /* Info.plist */ = {isa = PBXFileReference; lastKnownFileType = text.plist.xml; path = Info.plist; sourceTree = "<group>"; };
		69EE7D044CC41FA840CF3FB7 /* Pods-MQTTClientTest.debug.xcconfig */ = {isa = PBXFileReference; includeInIndex = 1; lastKnownFileType = text.xcconfig; name = "Pods-MQTTClientTest.debug.xcconfig"; path = "Target Support Files/Pods-MQTTClientTest/Pods-MQTTClientTest.debug.xcconfig"; sourceTree = "<group>"; };
		9AA80300B4561F831DE367AE /* Pods-MQTTClientTest.release.xcconfig */ = {isa = PBXFileReference; includeInIndex = 1; lastKnownFileType = text.xcconfig; name = "Pods-MQTTClientTest.release.xcconfig"; path = "Target Support Files/Pods-MQTTClientTest/Pods-MQTTClientTest.release.xcconfig"; sourceTree = "<group>"; };
		D5E1C977D6AF4F5E66C8BF80 /* Pods_MQTTClientTest.framework */ = {isa = PBXFileReference; explicitFileType = wrapper.framework; includeInIndex = 0; path = Pods_MQTTClientTest.framework; sourceTree = BUILT_PRODUCTS_DIR; };
/* End PBXFileReference section */

/* Begin PBXFrameworksBuildPhase section */
		047AAA72297EDBAF00023C17 /* Frameworks */ = {
			isa = PBXFrameworksBuildPhase;
			buildActionMask = 2147483647;
			files = (
				7D74E7213C1692009DEB6AE3 /* Pods_MQTTClientTest.framework in Frameworks */,
			);
			runOnlyForDeploymentPostprocessing = 0;
		};
/* End PBXFrameworksBuildPhase section */

/* Begin PBXGroup section */
		047AAA6C297EDBAF00023C17 = {
			isa = PBXGroup;
			children = (
				047AAA77297EDBAF00023C17 /* MQTTClientTest */,
				047AAA76297EDBAF00023C17 /* Products */,
				897E68DA3DA6952A2656388A /* Pods */,
				E3DF89C377A42E9EF85EF900 /* Frameworks */,
			);
			sourceTree = "<group>";
		};
		047AAA76297EDBAF00023C17 /* Products */ = {
			isa = PBXGroup;
			children = (
				047AAA75297EDBAF00023C17 /* MQTTClientTest.app */,
			);
			name = Products;
			sourceTree = "<group>";
		};
		047AAA77297EDBAF00023C17 /* MQTTClientTest */ = {
			isa = PBXGroup;
			children = (
				047AAA78297EDBAF00023C17 /* AppDelegate.swift */,
				047AAA7A297EDBAF00023C17 /* SceneDelegate.swift */,
				047AAA7C297EDBAF00023C17 /* ViewController.swift */,
				047AAA7E297EDBAF00023C17 /* Main.storyboard */,
				047AAA84297EDBB300023C17 /* Assets.xcassets */,
				047AAA86297EDBB300023C17 /* LaunchScreen.storyboard */,
				047AAA89297EDBB300023C17 /* Info.plist */,
				047AAA81297EDBAF00023C17 /* MQTTClientTest.xcdatamodeld */,
			);
			path = MQTTClientTest;
			sourceTree = "<group>";
		};
		897E68DA3DA6952A2656388A /* Pods */ = {
			isa = PBXGroup;
			children = (
				69EE7D044CC41FA840CF3FB7 /* Pods-MQTTClientTest.debug.xcconfig */,
				9AA80300B4561F831DE367AE /* Pods-MQTTClientTest.release.xcconfig */,
			);
			path = Pods;
			sourceTree = "<group>";
		};
		E3DF89C377A42E9EF85EF900 /* Frameworks */ = {
			isa = PBXGroup;
			children = (
				D5E1C977D6AF4F5E66C8BF80 /* Pods_MQTTClientTest.framework */,
			);
			name = Frameworks;
			sourceTree = "<group>";
		};
/* End PBXGroup section */

/* Begin PBXNativeTarget section */
		047AAA74297EDBAF00023C17 /* MQTTClientTest */ = {
			isa = PBXNativeTarget;
			buildConfigurationList = 047AAA8C297EDBB300023C17 /* Build configuration list for PBXNativeTarget "MQTTClientTest" */;
			buildPhases = (
				3A2FBF8485017937FF052F5B /* [CP] Check Pods Manifest.lock */,
				047AAA71297EDBAF00023C17 /* Sources */,
				047AAA72297EDBAF00023C17 /* Frameworks */,
				047AAA73297EDBAF00023C17 /* Resources */,
				F1F98F58D2793FEC0A856D21 /* [CP] Embed Pods Frameworks */,
			);
			buildRules = (
			);
			dependencies = (
			);
			name = MQTTClientTest;
			productName = MQTTClientTest;
			productReference = 047AAA75297EDBAF00023C17 /* MQTTClientTest.app */;
			productType = "com.apple.product-type.application";
		};
/* End PBXNativeTarget section */

/* Begin PBXProject section */
		047AAA6D297EDBAF00023C17 /* Project object */ = {
			isa = PBXProject;
			attributes = {
				BuildIndependentTargetsInParallel = 1;
				LastSwiftUpdateCheck = 1420;
				LastUpgradeCheck = 1420;
				TargetAttributes = {
					047AAA74297EDBAF00023C17 = {
						CreatedOnToolsVersion = 14.2;
					};
				};
			};
			buildConfigurationList = 047AAA70297EDBAF00023C17 /* Build configuration list for PBXProject "MQTTClientTest" */;
			compatibilityVersion = "Xcode 13.0";
			developmentRegion = en;
			hasScannedForEncodings = 0;
			knownRegions = (
				en,
				Base,
			);
			mainGroup = 047AAA6C297EDBAF00023C17;
			productRefGroup = 047AAA76297EDBAF00023C17 /* Products */;
			projectDirPath = "";
			projectRoot = "";
			targets = (
				047AAA74297EDBAF00023C17 /* MQTTClientTest */,
			);
		};
/* End PBXProject section */

/* Begin PBXResourcesBuildPhase section */
		047AAA73297EDBAF00023C17 /* Resources */ = {
			isa = PBXResourcesBuildPhase;
			buildActionMask = 2147483647;
			files = (
				047AAA88297EDBB300023C17 /* LaunchScreen.storyboard in Resources */,
				047AAA85297EDBB300023C17 /* Assets.xcassets in Resources */,
				047AAA80297EDBAF00023C17 /* Main.storyboard in Resources */,
			);
			runOnlyForDeploymentPostprocessing = 0;
		};
/* End PBXResourcesBuildPhase section */

/* Begin PBXShellScriptBuildPhase section */
		3A2FBF8485017937FF052F5B /* [CP] Check Pods Manifest.lock */ = {
			isa = PBXShellScriptBuildPhase;
			buildActionMask = 2147483647;
			files = (
			);
			inputFileListPaths = (
			);
			inputPaths = (
				"${PODS_PODFILE_DIR_PATH}/Podfile.lock",
				"${PODS_ROOT}/Manifest.lock",
			);
			name = "[CP] Check Pods Manifest.lock";
			outputFileListPaths = (
			);
			outputPaths = (
				"$(DERIVED_FILE_DIR)/Pods-MQTTClientTest-checkManifestLockResult.txt",
			);
			runOnlyForDeploymentPostprocessing = 0;
			shellPath = /bin/sh;
			shellScript = "diff \"${PODS_PODFILE_DIR_PATH}/Podfile.lock\" \"${PODS_ROOT}/Manifest.lock\" > /dev/null\nif [ $? != 0 ] ; then\n    # print error to STDERR\n    echo \"error: The sandbox is not in sync with the Podfile.lock. Run 'pod install' or update your CocoaPods installation.\" >&2\n    exit 1\nfi\n# This output is used by Xcode 'outputs' to avoid re-running this script phase.\necho \"SUCCESS\" > \"${SCRIPT_OUTPUT_FILE_0}\"\n";
			showEnvVarsInLog = 0;
		};
		F1F98F58D2793FEC0A856D21 /* [CP] Embed Pods Frameworks */ = {
			isa = PBXShellScriptBuildPhase;
			buildActionMask = 2147483647;
			files = (
			);
			inputFileListPaths = (
				"${PODS_ROOT}/Target Support Files/Pods-MQTTClientTest/Pods-MQTTClientTest-frameworks-${CONFIGURATION}-input-files.xcfilelist",
			);
			name = "[CP] Embed Pods Frameworks";
			outputFileListPaths = (
				"${PODS_ROOT}/Target Support Files/Pods-MQTTClientTest/Pods-MQTTClientTest-frameworks-${CONFIGURATION}-output-files.xcfilelist",
			);
			runOnlyForDeploymentPostprocessing = 0;
			shellPath = /bin/sh;
			shellScript = "\"${PODS_ROOT}/Target Support Files/Pods-MQTTClientTest/Pods-MQTTClientTest-frameworks.sh\"\n";
			showEnvVarsInLog = 0;
		};
/* End PBXShellScriptBuildPhase section */

/* Begin PBXSourcesBuildPhase section */
		047AAA71297EDBAF00023C17 /* Sources */ = {
			isa = PBXSourcesBuildPhase;
			buildActionMask = 2147483647;
			files = (
				047AAA83297EDBAF00023C17 /* MQTTClientTest.xcdatamodeld in Sources */,
				047AAA7D297EDBAF00023C17 /* ViewController.swift in Sources */,
				047AAA79297EDBAF00023C17 /* AppDelegate.swift in Sources */,
				047AAA7B297EDBAF00023C17 /* SceneDelegate.swift in Sources */,
			);
			runOnlyForDeploymentPostprocessing = 0;
		};
/* End PBXSourcesBuildPhase section */

/* Begin PBXVariantGroup section */
		047AAA7E297EDBAF00023C17 /* Main.storyboard */ = {
			isa = PBXVariantGroup;
			children = (
				047AAA7F297EDBAF00023C17 /* Base */,
			);
			name = Main.storyboard;
			sourceTree = "<group>";
		};
		047AAA86297EDBB300023C17 /* LaunchScreen.storyboard */ = {
			isa = PBXVariantGroup;
			children = (
				047AAA87297EDBB300023C17 /* Base */,
			);
			name = LaunchScreen.storyboard;
			sourceTree = "<group>";
		};
/* End PBXVariantGroup section */

/* Begin XCBuildConfiguration section */
		047AAA8A297EDBB300023C17 /* Debug */ = {
			isa = XCBuildConfiguration;
			buildSettings = {
				ALWAYS_SEARCH_USER_PATHS = NO;
				CLANG_ANALYZER_NONNULL = YES;
				CLANG_ANALYZER_NUMBER_OBJECT_CONVERSION = YES_AGGRESSIVE;
				CLANG_CXX_LANGUAGE_STANDARD = "gnu++20";
				CLANG_ENABLE_MODULES = YES;
				CLANG_ENABLE_OBJC_ARC = YES;
				CLANG_ENABLE_OBJC_WEAK = YES;
				CLANG_WARN_BLOCK_CAPTURE_AUTORELEASING = YES;
				CLANG_WARN_BOOL_CONVERSION = YES;
				CLANG_WARN_COMMA = YES;
				CLANG_WARN_CONSTANT_CONVERSION = YES;
				CLANG_WARN_DEPRECATED_OBJC_IMPLEMENTATIONS = YES;
				CLANG_WARN_DIRECT_OBJC_ISA_USAGE = YES_ERROR;
				CLANG_WARN_DOCUMENTATION_COMMENTS = YES;
				CLANG_WARN_EMPTY_BODY = YES;
				CLANG_WARN_ENUM_CONVERSION = YES;
				CLANG_WARN_INFINITE_RECURSION = YES;
				CLANG_WARN_INT_CONVERSION = YES;
				CLANG_WARN_NON_LITERAL_NULL_CONVERSION = YES;
				CLANG_WARN_OBJC_IMPLICIT_RETAIN_SELF = YES;
				CLANG_WARN_OBJC_LITERAL_CONVERSION = YES;
				CLANG_WARN_OBJC_ROOT_CLASS = YES_ERROR;
				CLANG_WARN_QUOTED_INCLUDE_IN_FRAMEWORK_HEADER = YES;
				CLANG_WARN_RANGE_LOOP_ANALYSIS = YES;
				CLANG_WARN_STRICT_PROTOTYPES = YES;
				CLANG_WARN_SUSPICIOUS_MOVE = YES;
				CLANG_WARN_UNGUARDED_AVAILABILITY = YES_AGGRESSIVE;
				CLANG_WARN_UNREACHABLE_CODE = YES;
				CLANG_WARN__DUPLICATE_METHOD_MATCH = YES;
				COPY_PHASE_STRIP = NO;
				DEBUG_INFORMATION_FORMAT = dwarf;
				ENABLE_STRICT_OBJC_MSGSEND = YES;
				ENABLE_TESTABILITY = YES;
				GCC_C_LANGUAGE_STANDARD = gnu11;
				GCC_DYNAMIC_NO_PIC = NO;
				GCC_NO_COMMON_BLOCKS = YES;
				GCC_OPTIMIZATION_LEVEL = 0;
				GCC_PREPROCESSOR_DEFINITIONS = (
					"DEBUG=1",
					"$(inherited)",
				);
				GCC_WARN_64_TO_32_BIT_CONVERSION = YES;
				GCC_WARN_ABOUT_RETURN_TYPE = YES_ERROR;
				GCC_WARN_UNDECLARED_SELECTOR = YES;
				GCC_WARN_UNINITIALIZED_AUTOS = YES_AGGRESSIVE;
				GCC_WARN_UNUSED_FUNCTION = YES;
				GCC_WARN_UNUSED_VARIABLE = YES;
				IPHONEOS_DEPLOYMENT_TARGET = 16.2;
				MTL_ENABLE_DEBUG_INFO = INCLUDE_SOURCE;
				MTL_FAST_MATH = YES;
				ONLY_ACTIVE_ARCH = YES;
				SDKROOT = iphoneos;
				SWIFT_ACTIVE_COMPILATION_CONDITIONS = DEBUG;
				SWIFT_OPTIMIZATION_LEVEL = "-Onone";
			};
			name = Debug;
		};
		047AAA8B297EDBB300023C17 /* Release */ = {
			isa = XCBuildConfiguration;
			buildSettings = {
				ALWAYS_SEARCH_USER_PATHS = NO;
				CLANG_ANALYZER_NONNULL = YES;
				CLANG_ANALYZER_NUMBER_OBJECT_CONVERSION = YES_AGGRESSIVE;
				CLANG_CXX_LANGUAGE_STANDARD = "gnu++20";
				CLANG_ENABLE_MODULES = YES;
				CLANG_ENABLE_OBJC_ARC = YES;
				CLANG_ENABLE_OBJC_WEAK = YES;
				CLANG_WARN_BLOCK_CAPTURE_AUTORELEASING = YES;
				CLANG_WARN_BOOL_CONVERSION = YES;
				CLANG_WARN_COMMA = YES;
				CLANG_WARN_CONSTANT_CONVERSION = YES;
				CLANG_WARN_DEPRECATED_OBJC_IMPLEMENTATIONS = YES;
				CLANG_WARN_DIRECT_OBJC_ISA_USAGE = YES_ERROR;
				CLANG_WARN_DOCUMENTATION_COMMENTS = YES;
				CLANG_WARN_EMPTY_BODY = YES;
				CLANG_WARN_ENUM_CONVERSION = YES;
				CLANG_WARN_INFINITE_RECURSION = YES;
				CLANG_WARN_INT_CONVERSION = YES;
				CLANG_WARN_NON_LITERAL_NULL_CONVERSION = YES;
				CLANG_WARN_OBJC_IMPLICIT_RETAIN_SELF = YES;
				CLANG_WARN_OBJC_LITERAL_CONVERSION = YES;
				CLANG_WARN_OBJC_ROOT_CLASS = YES_ERROR;
				CLANG_WARN_QUOTED_INCLUDE_IN_FRAMEWORK_HEADER = YES;
				CLANG_WARN_RANGE_LOOP_ANALYSIS = YES;
				CLANG_WARN_STRICT_PROTOTYPES = YES;
				CLANG_WARN_SUSPICIOUS_MOVE = YES;
				CLANG_WARN_UNGUARDED_AVAILABILITY = YES_AGGRESSIVE;
				CLANG_WARN_UNREACHABLE_CODE = YES;
				CLANG_WARN__DUPLICATE_METHOD_MATCH = YES;
				COPY_PHASE_STRIP = NO;
				DEBUG_INFORMATION_FORMAT = "dwarf-with-dsym";
				ENABLE_NS_ASSERTIONS = NO;
				ENABLE_STRICT_OBJC_MSGSEND = YES;
				GCC_C_LANGUAGE_STANDARD = gnu11;
				GCC_NO_COMMON_BLOCKS = YES;
				GCC_WARN_64_TO_32_BIT_CONVERSION = YES;
				GCC_WARN_ABOUT_RETURN_TYPE = YES_ERROR;
				GCC_WARN_UNDECLARED_SELECTOR = YES;
				GCC_WARN_UNINITIALIZED_AUTOS = YES_AGGRESSIVE;
				GCC_WARN_UNUSED_FUNCTION = YES;
				GCC_WARN_UNUSED_VARIABLE = YES;
				IPHONEOS_DEPLOYMENT_TARGET = 16.2;
				MTL_ENABLE_DEBUG_INFO = NO;
				MTL_FAST_MATH = YES;
				SDKROOT = iphoneos;
				SWIFT_COMPILATION_MODE = wholemodule;
				SWIFT_OPTIMIZATION_LEVEL = "-O";
				VALIDATE_PRODUCT = YES;
			};
			name = Release;
		};
		047AAA8D297EDBB300023C17 /* Debug */ = {
			isa = XCBuildConfiguration;
			baseConfigurationReference = 69EE7D044CC41FA840CF3FB7 /* Pods-MQTTClientTest.debug.xcconfig */;
			buildSettings = {
				ASSETCATALOG_COMPILER_APPICON_NAME = AppIcon;
				ASSETCATALOG_COMPILER_GLOBAL_ACCENT_COLOR_NAME = AccentColor;
				CODE_SIGN_STYLE = Automatic;
				CURRENT_PROJECT_VERSION = 1;
				DEVELOPMENT_TEAM = NXY43U4X2N;
				GENERATE_INFOPLIST_FILE = YES;
				INFOPLIST_FILE = MQTTClientTest/Info.plist;
				INFOPLIST_KEY_UIApplicationSupportsIndirectInputEvents = YES;
				INFOPLIST_KEY_UILaunchStoryboardName = LaunchScreen;
				INFOPLIST_KEY_UIMainStoryboardFile = Main;
				INFOPLIST_KEY_UISupportedInterfaceOrientations_iPad = "UIInterfaceOrientationPortrait UIInterfaceOrientationPortraitUpsideDown UIInterfaceOrientationLandscapeLeft UIInterfaceOrientationLandscapeRight";
				INFOPLIST_KEY_UISupportedInterfaceOrientations_iPhone = "UIInterfaceOrientationPortrait UIInterfaceOrientationLandscapeLeft UIInterfaceOrientationLandscapeRight";
				LD_RUNPATH_SEARCH_PATHS = (
					"$(inherited)",
					"@executable_path/Frameworks",
				);
				MARKETING_VERSION = 1.0;
				PRODUCT_BUNDLE_IDENTIFIER = cesare.casirati.MQTTClientTest;
				PRODUCT_NAME = "$(TARGET_NAME)";
				SWIFT_EMIT_LOC_STRINGS = YES;
				SWIFT_VERSION = 5.0;
				TARGETED_DEVICE_FAMILY = "1,2";
			};
			name = Debug;
		};
		047AAA8E297EDBB300023C17 /* Release */ = {
			isa = XCBuildConfiguration;
			baseConfigurationReference = 9AA80300B4561F831DE367AE /* Pods-MQTTClientTest.release.xcconfig */;
			buildSettings = {
				ASSETCATALOG_COMPILER_APPICON_NAME = AppIcon;
				ASSETCATALOG_COMPILER_GLOBAL_ACCENT_COLOR_NAME = AccentColor;
				CODE_SIGN_STYLE = Automatic;
				CURRENT_PROJECT_VERSION = 1;
				DEVELOPMENT_TEAM = NXY43U4X2N;
				GENERATE_INFOPLIST_FILE = YES;
				INFOPLIST_FILE = MQTTClientTest/Info.plist;
				INFOPLIST_KEY_UIApplicationSupportsIndirectInputEvents = YES;
				INFOPLIST_KEY_UILaunchStoryboardName = LaunchScreen;
				INFOPLIST_KEY_UIMainStoryboardFile = Main;
				INFOPLIST_KEY_UISupportedInterfaceOrientations_iPad = "UIInterfaceOrientationPortrait UIInterfaceOrientationPortraitUpsideDown UIInterfaceOrientationLandscapeLeft UIInterfaceOrientationLandscapeRight";
				INFOPLIST_KEY_UISupportedInterfaceOrientations_iPhone = "UIInterfaceOrientationPortrait UIInterfaceOrientationLandscapeLeft UIInterfaceOrientationLandscapeRight";
				LD_RUNPATH_SEARCH_PATHS = (
					"$(inherited)",
					"@executable_path/Frameworks",
				);
				MARKETING_VERSION = 1.0;
				PRODUCT_BUNDLE_IDENTIFIER = cesare.casirati.MQTTClientTest;
				PRODUCT_NAME = "$(TARGET_NAME)";
				SWIFT_EMIT_LOC_STRINGS = YES;
				SWIFT_VERSION = 5.0;
				TARGETED_DEVICE_FAMILY = "1,2";
			};
			name = Release;
		};
/* End XCBuildConfiguration section */

/* Begin XCConfigurationList section */
		047AAA70297EDBAF00023C17 /* Build configuration list for PBXProject "MQTTClientTest" */ = {
			isa = XCConfigurationList;
			buildConfigurations = (
				047AAA8A297EDBB300023C17 /* Debug */,
				047AAA8B297EDBB300023C17 /* Release */,
			);
			defaultConfigurationIsVisible = 0;
			defaultConfigurationName = Release;
		};
		047AAA8C297EDBB300023C17 /* Build configuration list for PBXNativeTarget "MQTTClientTest" */ = {
			isa = XCConfigurationList;
			buildConfigurations = (
				047AAA8D297EDBB300023C17 /* Debug */,
				047AAA8E297EDBB300023C17 /* Release */,
			);
			defaultConfigurationIsVisible = 0;
			defaultConfigurationName = Release;
		};
/* End XCConfigurationList section */

/* Begin XCVersionGroup section */
		047AAA81297EDBAF00023C17 /* MQTTClientTest.xcdatamodeld */ = {
			isa = XCVersionGroup;
			children = (
				047AAA82297EDBAF00023C17 /* MQTTClientTest.xcdatamodel */,
			);
			currentVersion = 047AAA82297EDBAF00023C17 /* MQTTClientTest.xcdatamodel */;
			path = MQTTClientTest.xcdatamodeld;
			sourceTree = "<group>";
			versionGroupType = wrapper.xcdatamodel;
		};
/* End XCVersionGroup section */
	};
	rootObject = 047AAA6D297EDBAF00023C17 /* Project object */;
}
